
Microsoft Visual Studio Solution File, Format Version 12.00
# Visual Studio 15
VisualStudioVersion = 15.0.27428.1
MinimumVisualStudioVersion = 10.0.40219.1
Project("{FAE04EC0-301F-11D3-BF4B-00C04F79EFBC}") = "WebApplication1", "WebApplication1\WebApplication1.csproj", "{EAAB4187-B6A0-46D8-93DD-6A00E6DD7BA9}"
EndProject
Project("{FAE04EC0-301F-11D3-BF4B-00C04F79EFBC}") = "WebApplication1.Tests", "WebApplication1.Tests\WebApplication1.Tests.csproj", "{10EDD6E6-B79C-4EF3-A808-6DD61D915BFE}"
EndProject
Global
	GlobalSection(SolutionConfigurationPlatforms) = preSolution
		Debug|Any CPU = Debug|Any CPU
		Release|Any CPU = Release|Any CPU
	EndGlobalSection
	GlobalSection(ProjectConfigurationPlatforms) = postSolution
		{EAAB4187-B6A0-46D8-93DD-6A00E6DD7BA9}.Debug|Any CPU.ActiveCfg = Debug|Any CPU
		{EAAB4187-B6A0-46D8-93DD-6A00E6DD7BA9}.Debug|Any CPU.Build.0 = Debug|Any CPU
		{EAAB4187-B6A0-46D8-93DD-6A00E6DD7BA9}.Release|Any CPU.ActiveCfg = Release|Any CPU
		{EAAB4187-B6A0-46D8-93DD-6A00E6DD7BA9}.Release|Any CPU.Build.0 = Release|Any CPU
		{10EDD6E6-B79C-4EF3-A808-6DD61D915BFE}.Debug|Any CPU.ActiveCfg = Debug|Any CPU
		{10EDD6E6-B79C-4EF3-A808-6DD61D915BFE}.Debug|Any CPU.Build.0 = Debug|Any CPU
		{10EDD6E6-B79C-4EF3-A808-6DD61D915BFE}.Release|Any CPU.ActiveCfg = Release|Any CPU
		{10EDD6E6-B79C-4EF3-A808-6DD61D915BFE}.Release|Any CPU.Build.0 = Release|Any CPU
	EndGlobalSection
	GlobalSection(SolutionProperties) = preSolution
		HideSolutionNode = FALSE
	EndGlobalSection
	GlobalSection(ExtensibilityGlobals) = postSolution
		SolutionGuid = {6BF2BE0E-7985-4CCC-BBAC-B7D8986FD6D5}
	EndGlobalSection
EndGlobal
